
Microsoft Visual Studio Solution File, Format Version 12.00
# Visual Studio Version 17
VisualStudioVersion = 17.0.31903.59
MinimumVisualStudioVersion = 10.0.40219.1
Project("{FAE04EC0-301F-11D3-BF4B-00C04F79EFBC}") = "DSA2021G43", "DSA2021G43\DSA2021G43.csproj", "{5AC528C6-A5CB-4DA4-AE89-C1997252F1E3}"
EndProject
Global
	GlobalSection(SolutionConfigurationPlatforms) = preSolution
		Debug|Any CPU = Debug|Any CPU
		Release|Any CPU = Release|Any CPU
	EndGlobalSection
	GlobalSection(ProjectConfigurationPlatforms) = postSolution
		{5AC528C6-A5CB-4DA4-AE89-C1997252F1E3}.Debug|Any CPU.ActiveCfg = Debug|Any CPU
		{5AC528C6-A5CB-4DA4-AE89-C1997252F1E3}.Debug|Any CPU.Build.0 = Debug|Any CPU
		{5AC528C6-A5CB-4DA4-AE89-C1997252F1E3}.Release|Any CPU.ActiveCfg = Release|Any CPU
		{5AC528C6-A5CB-4DA4-AE89-C1997252F1E3}.Release|Any CPU.Build.0 = Release|Any CPU
	EndGlobalSection
	GlobalSection(SolutionProperties) = preSolution
		HideSolutionNode = FALSE
	EndGlobalSection
	GlobalSection(ExtensibilityGlobals) = postSolution
		SolutionGuid = {40EC109C-5151-4C76-A5F4-C107050D2043}
	EndGlobalSection
EndGlobal
